// !$*UTF8*$!
{
	archiveVersion = 1;
	classes = {
	};
	objectVersion = 55;
	objects = {

/* Begin PBXBuildFile section */
		AB9C968A28B4C391006643E2 /* KakaoSDK in Frameworks */ = {isa = PBXBuildFile; productRef = AB9C968928B4C391006643E2 /* KakaoSDK */; };
		AB9C968C28B4C391006643E2 /* KakaoSDKAuth in Frameworks */ = {isa = PBXBuildFile; productRef = AB9C968B28B4C391006643E2 /* KakaoSDKAuth */; };
		AB9C968E28B4C391006643E2 /* KakaoSDKCommon in Frameworks */ = {isa = PBXBuildFile; productRef = AB9C968D28B4C391006643E2 /* KakaoSDKCommon */; };
		AB9C969028B4C391006643E2 /* KakaoSDKCommonCore in Frameworks */ = {isa = PBXBuildFile; productRef = AB9C968F28B4C391006643E2 /* KakaoSDKCommonCore */; };
		AB9C969228B4C391006643E2 /* KakaoSDKNavi in Frameworks */ = {isa = PBXBuildFile; productRef = AB9C969128B4C391006643E2 /* KakaoSDKNavi */; };
		AB9C969428B4C391006643E2 /* KakaoSDKShare in Frameworks */ = {isa = PBXBuildFile; productRef = AB9C969328B4C391006643E2 /* KakaoSDKShare */; };
		AB9C969628B4C391006643E2 /* KakaoSDKStory in Frameworks */ = {isa = PBXBuildFile; productRef = AB9C969528B4C391006643E2 /* KakaoSDKStory */; };
		AB9C969828B4C391006643E2 /* KakaoSDKTalk in Frameworks */ = {isa = PBXBuildFile; productRef = AB9C969728B4C391006643E2 /* KakaoSDKTalk */; };
		AB9C969A28B4C391006643E2 /* KakaoSDKTemplate in Frameworks */ = {isa = PBXBuildFile; productRef = AB9C969928B4C391006643E2 /* KakaoSDKTemplate */; };
		AB9C969C28B4C391006643E2 /* KakaoSDKUser in Frameworks */ = {isa = PBXBuildFile; productRef = AB9C969B28B4C391006643E2 /* KakaoSDKUser */; };
		AB9C969F28B4C8C1006643E2 /* SnapKit in Frameworks */ = {isa = PBXBuildFile; productRef = AB9C969E28B4C8C1006643E2 /* SnapKit */; };
		AB9C96A328B4D07E006643E2 /* KakaoAuthService.swift in Sources */ = {isa = PBXBuildFile; fileRef = AB9C96A228B4D07E006643E2 /* KakaoAuthService.swift */; };
		AB9C96A628B5BE03006643E2 /* SocialLoginable.swift in Sources */ = {isa = PBXBuildFile; fileRef = AB9C96A528B5BE03006643E2 /* SocialLoginable.swift */; };
		ABB163DA28BA217B00A5A59A /* AppleAuthService.swift in Sources */ = {isa = PBXBuildFile; fileRef = ABB163D928BA217B00A5A59A /* AppleAuthService.swift */; };
		ABB163DD28BA2CF000A5A59A /* AuthState.swift in Sources */ = {isa = PBXBuildFile; fileRef = ABB163DC28BA2CF000A5A59A /* AuthState.swift */; };
		ABC8945328BC436100BC4AD9 /* LoginViewModel.swift in Sources */ = {isa = PBXBuildFile; fileRef = ABC8945228BC436100BC4AD9 /* LoginViewModel.swift */; };
		ABFC33FD28B4671B008E87D2 /* AppDelegate.swift in Sources */ = {isa = PBXBuildFile; fileRef = ABFC33FC28B4671B008E87D2 /* AppDelegate.swift */; };
		ABFC33FF28B4671B008E87D2 /* SceneDelegate.swift in Sources */ = {isa = PBXBuildFile; fileRef = ABFC33FE28B4671B008E87D2 /* SceneDelegate.swift */; };
		ABFC340128B4671B008E87D2 /* LoginViewController.swift in Sources */ = {isa = PBXBuildFile; fileRef = ABFC340028B4671B008E87D2 /* LoginViewController.swift */; };
		ABFC340728B4671B008E87D2 /* StockTalk.xcdatamodeld in Sources */ = {isa = PBXBuildFile; fileRef = ABFC340528B4671B008E87D2 /* StockTalk.xcdatamodeld */; };
		ABFC340928B4671C008E87D2 /* Assets.xcassets in Resources */ = {isa = PBXBuildFile; fileRef = ABFC340828B4671C008E87D2 /* Assets.xcassets */; };
		ABFC340C28B4671C008E87D2 /* LaunchScreen.storyboard in Resources */ = {isa = PBXBuildFile; fileRef = ABFC340A28B4671C008E87D2 /* LaunchScreen.storyboard */; };
		ABFC341528B4768B008E87D2 /* User.swift in Sources */ = {isa = PBXBuildFile; fileRef = ABFC341428B4768B008E87D2 /* User.swift */; };
		ABFC341728B4791F008E87D2 /* SNSLogin.swift in Sources */ = {isa = PBXBuildFile; fileRef = ABFC341628B4791F008E87D2 /* SNSLogin.swift */; };
/* End PBXBuildFile section */

/* Begin PBXFileReference section */
		AB9C96A028B4CAE9006643E2 /* Config.xcconfig */ = {isa = PBXFileReference; lastKnownFileType = text.xcconfig; path = Config.xcconfig; sourceTree = "<group>"; };
		AB9C96A228B4D07E006643E2 /* KakaoAuthService.swift */ = {isa = PBXFileReference; lastKnownFileType = sourcecode.swift; path = KakaoAuthService.swift; sourceTree = "<group>"; };
		AB9C96A528B5BE03006643E2 /* SocialLoginable.swift */ = {isa = PBXFileReference; lastKnownFileType = sourcecode.swift; path = SocialLoginable.swift; sourceTree = "<group>"; };
		ABB163D928BA217B00A5A59A /* AppleAuthService.swift */ = {isa = PBXFileReference; lastKnownFileType = sourcecode.swift; path = AppleAuthService.swift; sourceTree = "<group>"; };
		ABB163DB28BA297700A5A59A /* StockTalk.entitlements */ = {isa = PBXFileReference; lastKnownFileType = text.plist.entitlements; path = StockTalk.entitlements; sourceTree = "<group>"; };
		ABB163DC28BA2CF000A5A59A /* AuthState.swift */ = {isa = PBXFileReference; lastKnownFileType = sourcecode.swift; path = AuthState.swift; sourceTree = "<group>"; };
		ABC8945228BC436100BC4AD9 /* LoginViewModel.swift */ = {isa = PBXFileReference; lastKnownFileType = sourcecode.swift; path = LoginViewModel.swift; sourceTree = "<group>"; };
		ABFC33F928B4671B008E87D2 /* StockTalk.app */ = {isa = PBXFileReference; explicitFileType = wrapper.application; includeInIndex = 0; path = StockTalk.app; sourceTree = BUILT_PRODUCTS_DIR; };
		ABFC33FC28B4671B008E87D2 /* AppDelegate.swift */ = {isa = PBXFileReference; lastKnownFileType = sourcecode.swift; path = AppDelegate.swift; sourceTree = "<group>"; };
		ABFC33FE28B4671B008E87D2 /* SceneDelegate.swift */ = {isa = PBXFileReference; lastKnownFileType = sourcecode.swift; path = SceneDelegate.swift; sourceTree = "<group>"; };
		ABFC340028B4671B008E87D2 /* LoginViewController.swift */ = {isa = PBXFileReference; lastKnownFileType = sourcecode.swift; path = LoginViewController.swift; sourceTree = "<group>"; };
		ABFC340628B4671B008E87D2 /* StockTalk.xcdatamodel */ = {isa = PBXFileReference; lastKnownFileType = wrapper.xcdatamodel; path = StockTalk.xcdatamodel; sourceTree = "<group>"; };
		ABFC340828B4671C008E87D2 /* Assets.xcassets */ = {isa = PBXFileReference; lastKnownFileType = folder.assetcatalog; path = Assets.xcassets; sourceTree = "<group>"; };
		ABFC340B28B4671C008E87D2 /* Base */ = {isa = PBXFileReference; lastKnownFileType = file.storyboard; name = Base; path = Base.lproj/LaunchScreen.storyboard; sourceTree = "<group>"; };
		ABFC340D28B4671C008E87D2 /* Info.plist */ = {isa = PBXFileReference; lastKnownFileType = text.plist.xml; path = Info.plist; sourceTree = "<group>"; };
		ABFC341428B4768B008E87D2 /* User.swift */ = {isa = PBXFileReference; lastKnownFileType = sourcecode.swift; path = User.swift; sourceTree = "<group>"; };
		ABFC341628B4791F008E87D2 /* SNSLogin.swift */ = {isa = PBXFileReference; lastKnownFileType = sourcecode.swift; path = SNSLogin.swift; sourceTree = "<group>"; };
/* End PBXFileReference section */

/* Begin PBXFrameworksBuildPhase section */
		ABFC33F628B4671B008E87D2 /* Frameworks */ = {
			isa = PBXFrameworksBuildPhase;
			buildActionMask = 2147483647;
			files = (
				AB9C968A28B4C391006643E2 /* KakaoSDK in Frameworks */,
				AB9C969828B4C391006643E2 /* KakaoSDKTalk in Frameworks */,
				AB9C969028B4C391006643E2 /* KakaoSDKCommonCore in Frameworks */,
				AB9C969228B4C391006643E2 /* KakaoSDKNavi in Frameworks */,
				AB9C969628B4C391006643E2 /* KakaoSDKStory in Frameworks */,
				AB9C969A28B4C391006643E2 /* KakaoSDKTemplate in Frameworks */,
				AB9C968E28B4C391006643E2 /* KakaoSDKCommon in Frameworks */,
				AB9C968C28B4C391006643E2 /* KakaoSDKAuth in Frameworks */,
				AB9C969C28B4C391006643E2 /* KakaoSDKUser in Frameworks */,
				AB9C969428B4C391006643E2 /* KakaoSDKShare in Frameworks */,
				AB9C969F28B4C8C1006643E2 /* SnapKit in Frameworks */,
			);
			runOnlyForDeploymentPostprocessing = 0;
		};
/* End PBXFrameworksBuildPhase section */

/* Begin PBXGroup section */
		AB9C96A428B5BDD5006643E2 /* Utils */ = {
			isa = PBXGroup;
			children = (
				ABC8945828BCC79800BC4AD9 /* UserManager */,
				AB9C96A728B5C07E006643E2 /* SocialLoginService */,
			);
			path = Utils;
			sourceTree = "<group>";
		};
		AB9C96A728B5C07E006643E2 /* SocialLoginService */ = {
			isa = PBXGroup;
			children = (
				AB9C96A528B5BE03006643E2 /* SocialLoginable.swift */,
				AB9C96A228B4D07E006643E2 /* KakaoAuthService.swift */,
				ABB163D928BA217B00A5A59A /* AppleAuthService.swift */,
			);
			path = SocialLoginService;
			sourceTree = "<group>";
		};
		AB9C96A828B5C144006643E2 /* Scene */ = {
			isa = PBXGroup;
			children = (
				ABC8944F28BC42E500BC4AD9 /* Login */,
			);
			path = Scene;
			sourceTree = "<group>";
		};
		ABC8944F28BC42E500BC4AD9 /* Login */ = {
			isa = PBXGroup;
			children = (
				ABC8945028BC431000BC4AD9 /* View */,
				ABC8945128BC431600BC4AD9 /* ViewModel */,
			);
			path = Login;
			sourceTree = "<group>";
		};
		ABC8945028BC431000BC4AD9 /* View */ = {
			isa = PBXGroup;
			children = (
				ABFC340028B4671B008E87D2 /* LoginViewController.swift */,
			);
			path = View;
			sourceTree = "<group>";
		};
		ABC8945128BC431600BC4AD9 /* ViewModel */ = {
			isa = PBXGroup;
			children = (
				ABC8945228BC436100BC4AD9 /* LoginViewModel.swift */,
			);
			path = ViewModel;
			sourceTree = "<group>";
		};
		ABC8945828BCC79800BC4AD9 /* UserManager */ = {
			isa = PBXGroup;
			children = (
			);
			path = UserManager;
			sourceTree = "<group>";
		};
		ABFC33F028B4671B008E87D2 = {
			isa = PBXGroup;
			children = (
				ABFC33FB28B4671B008E87D2 /* StockTalk */,
				ABFC33FA28B4671B008E87D2 /* Products */,
			);
			sourceTree = "<group>";
		};
		ABFC33FA28B4671B008E87D2 /* Products */ = {
			isa = PBXGroup;
			children = (
				ABFC33F928B4671B008E87D2 /* StockTalk.app */,
			);
			name = Products;
			sourceTree = "<group>";
		};
		ABFC33FB28B4671B008E87D2 /* StockTalk */ = {
			isa = PBXGroup;
			children = (
				ABB163DB28BA297700A5A59A /* StockTalk.entitlements */,
				ABFC33FC28B4671B008E87D2 /* AppDelegate.swift */,
				ABFC33FE28B4671B008E87D2 /* SceneDelegate.swift */,
				AB9C96A828B5C144006643E2 /* Scene */,
				AB9C96A428B5BDD5006643E2 /* Utils */,
				ABFC341328B47662008E87D2 /* Model */,
				ABFC340828B4671C008E87D2 /* Assets.xcassets */,
				ABFC340A28B4671C008E87D2 /* LaunchScreen.storyboard */,
				ABFC340D28B4671C008E87D2 /* Info.plist */,
				ABFC340528B4671B008E87D2 /* StockTalk.xcdatamodeld */,
				AB9C96A028B4CAE9006643E2 /* Config.xcconfig */,
			);
			path = StockTalk;
			sourceTree = "<group>";
		};
		ABFC341328B47662008E87D2 /* Model */ = {
			isa = PBXGroup;
			children = (
				ABFC341428B4768B008E87D2 /* User.swift */,
				ABFC341628B4791F008E87D2 /* SNSLogin.swift */,
				ABB163DC28BA2CF000A5A59A /* AuthState.swift */,
			);
			path = Model;
			sourceTree = "<group>";
		};
/* End PBXGroup section */

/* Begin PBXNativeTarget section */
		ABFC33F828B4671B008E87D2 /* StockTalk */ = {
			isa = PBXNativeTarget;
			buildConfigurationList = ABFC341028B4671C008E87D2 /* Build configuration list for PBXNativeTarget "StockTalk" */;
			buildPhases = (
				ABFC33F528B4671B008E87D2 /* Sources */,
				ABFC33F628B4671B008E87D2 /* Frameworks */,
				ABFC33F728B4671B008E87D2 /* Resources */,
			);
			buildRules = (
			);
			dependencies = (
			);
			name = StockTalk;
			packageProductDependencies = (
				AB9C968928B4C391006643E2 /* KakaoSDK */,
				AB9C968B28B4C391006643E2 /* KakaoSDKAuth */,
				AB9C968D28B4C391006643E2 /* KakaoSDKCommon */,
				AB9C968F28B4C391006643E2 /* KakaoSDKCommonCore */,
				AB9C969128B4C391006643E2 /* KakaoSDKNavi */,
				AB9C969328B4C391006643E2 /* KakaoSDKShare */,
				AB9C969528B4C391006643E2 /* KakaoSDKStory */,
				AB9C969728B4C391006643E2 /* KakaoSDKTalk */,
				AB9C969928B4C391006643E2 /* KakaoSDKTemplate */,
				AB9C969B28B4C391006643E2 /* KakaoSDKUser */,
				AB9C969E28B4C8C1006643E2 /* SnapKit */,
			);
			productName = StockTalk;
			productReference = ABFC33F928B4671B008E87D2 /* StockTalk.app */;
			productType = "com.apple.product-type.application";
		};
/* End PBXNativeTarget section */

/* Begin PBXProject section */
		ABFC33F128B4671B008E87D2 /* Project object */ = {
			isa = PBXProject;
			attributes = {
				BuildIndependentTargetsInParallel = 1;
				LastSwiftUpdateCheck = 1340;
				LastUpgradeCheck = 1340;
				TargetAttributes = {
					ABFC33F828B4671B008E87D2 = {
						CreatedOnToolsVersion = 13.4.1;
					};
				};
			};
			buildConfigurationList = ABFC33F428B4671B008E87D2 /* Build configuration list for PBXProject "StockTalk" */;
			compatibilityVersion = "Xcode 13.0";
			developmentRegion = en;
			hasScannedForEncodings = 0;
			knownRegions = (
				en,
				Base,
			);
			mainGroup = ABFC33F028B4671B008E87D2;
			packageReferences = (
				AB9C968828B4C391006643E2 /* XCRemoteSwiftPackageReference "kakao-ios-sdk" */,
				AB9C969D28B4C8C1006643E2 /* XCRemoteSwiftPackageReference "SnapKit" */,
			);
			productRefGroup = ABFC33FA28B4671B008E87D2 /* Products */;
			projectDirPath = "";
			projectRoot = "";
			targets = (
				ABFC33F828B4671B008E87D2 /* StockTalk */,
			);
		};
/* End PBXProject section */

/* Begin PBXResourcesBuildPhase section */
		ABFC33F728B4671B008E87D2 /* Resources */ = {
			isa = PBXResourcesBuildPhase;
			buildActionMask = 2147483647;
			files = (
				ABFC340C28B4671C008E87D2 /* LaunchScreen.storyboard in Resources */,
				ABFC340928B4671C008E87D2 /* Assets.xcassets in Resources */,
			);
			runOnlyForDeploymentPostprocessing = 0;
		};
/* End PBXResourcesBuildPhase section */

/* Begin PBXSourcesBuildPhase section */
		ABFC33F528B4671B008E87D2 /* Sources */ = {
			isa = PBXSourcesBuildPhase;
			buildActionMask = 2147483647;
			files = (
				ABFC340128B4671B008E87D2 /* LoginViewController.swift in Sources */,
				ABC8945328BC436100BC4AD9 /* LoginViewModel.swift in Sources */,
				ABFC33FD28B4671B008E87D2 /* AppDelegate.swift in Sources */,
				AB9C96A628B5BE03006643E2 /* SocialLoginable.swift in Sources */,
				ABB163DA28BA217B00A5A59A /* AppleAuthService.swift in Sources */,
				ABFC340728B4671B008E87D2 /* StockTalk.xcdatamodeld in Sources */,
				ABFC341528B4768B008E87D2 /* User.swift in Sources */,
				ABFC341728B4791F008E87D2 /* SNSLogin.swift in Sources */,
				ABB163DD28BA2CF000A5A59A /* AuthState.swift in Sources */,
				AB9C96A328B4D07E006643E2 /* KakaoAuthService.swift in Sources */,
				ABFC33FF28B4671B008E87D2 /* SceneDelegate.swift in Sources */,
			);
			runOnlyForDeploymentPostprocessing = 0;
		};
/* End PBXSourcesBuildPhase section */

/* Begin PBXVariantGroup section */
		ABFC340A28B4671C008E87D2 /* LaunchScreen.storyboard */ = {
			isa = PBXVariantGroup;
			children = (
				ABFC340B28B4671C008E87D2 /* Base */,
			);
			name = LaunchScreen.storyboard;
			sourceTree = "<group>";
		};
/* End PBXVariantGroup section */

/* Begin XCBuildConfiguration section */
		ABFC340E28B4671C008E87D2 /* Debug */ = {
			isa = XCBuildConfiguration;
			baseConfigurationReference = AB9C96A028B4CAE9006643E2 /* Config.xcconfig */;
			buildSettings = {
				ALWAYS_SEARCH_USER_PATHS = NO;
				CLANG_ANALYZER_NONNULL = YES;
				CLANG_ANALYZER_NUMBER_OBJECT_CONVERSION = YES_AGGRESSIVE;
				CLANG_CXX_LANGUAGE_STANDARD = "gnu++17";
				CLANG_ENABLE_MODULES = YES;
				CLANG_ENABLE_OBJC_ARC = YES;
				CLANG_ENABLE_OBJC_WEAK = YES;
				CLANG_WARN_BLOCK_CAPTURE_AUTORELEASING = YES;
				CLANG_WARN_BOOL_CONVERSION = YES;
				CLANG_WARN_COMMA = YES;
				CLANG_WARN_CONSTANT_CONVERSION = YES;
				CLANG_WARN_DEPRECATED_OBJC_IMPLEMENTATIONS = YES;
				CLANG_WARN_DIRECT_OBJC_ISA_USAGE = YES_ERROR;
				CLANG_WARN_DOCUMENTATION_COMMENTS = YES;
				CLANG_WARN_EMPTY_BODY = YES;
				CLANG_WARN_ENUM_CONVERSION = YES;
				CLANG_WARN_INFINITE_RECURSION = YES;
				CLANG_WARN_INT_CONVERSION = YES;
				CLANG_WARN_NON_LITERAL_NULL_CONVERSION = YES;
				CLANG_WARN_OBJC_IMPLICIT_RETAIN_SELF = YES;
				CLANG_WARN_OBJC_LITERAL_CONVERSION = YES;
				CLANG_WARN_OBJC_ROOT_CLASS = YES_ERROR;
				CLANG_WARN_QUOTED_INCLUDE_IN_FRAMEWORK_HEADER = YES;
				CLANG_WARN_RANGE_LOOP_ANALYSIS = YES;
				CLANG_WARN_STRICT_PROTOTYPES = YES;
				CLANG_WARN_SUSPICIOUS_MOVE = YES;
				CLANG_WARN_UNGUARDED_AVAILABILITY = YES_AGGRESSIVE;
				CLANG_WARN_UNREACHABLE_CODE = YES;
				CLANG_WARN__DUPLICATE_METHOD_MATCH = YES;
				COPY_PHASE_STRIP = NO;
				DEBUG_INFORMATION_FORMAT = dwarf;
				ENABLE_STRICT_OBJC_MSGSEND = YES;
				ENABLE_TESTABILITY = YES;
				GCC_C_LANGUAGE_STANDARD = gnu11;
				GCC_DYNAMIC_NO_PIC = NO;
				GCC_NO_COMMON_BLOCKS = YES;
				GCC_OPTIMIZATION_LEVEL = 0;
				GCC_PREPROCESSOR_DEFINITIONS = (
					"DEBUG=1",
					"$(inherited)",
				);
				GCC_WARN_64_TO_32_BIT_CONVERSION = YES;
				GCC_WARN_ABOUT_RETURN_TYPE = YES_ERROR;
				GCC_WARN_UNDECLARED_SELECTOR = YES;
				GCC_WARN_UNINITIALIZED_AUTOS = YES_AGGRESSIVE;
				GCC_WARN_UNUSED_FUNCTION = YES;
				GCC_WARN_UNUSED_VARIABLE = YES;
				IPHONEOS_DEPLOYMENT_TARGET = 15.5;
				MTL_ENABLE_DEBUG_INFO = INCLUDE_SOURCE;
				MTL_FAST_MATH = YES;
				ONLY_ACTIVE_ARCH = YES;
				SDKROOT = iphoneos;
				SWIFT_ACTIVE_COMPILATION_CONDITIONS = DEBUG;
				SWIFT_OPTIMIZATION_LEVEL = "-Onone";
			};
			name = Debug;
		};
		ABFC340F28B4671C008E87D2 /* Release */ = {
			isa = XCBuildConfiguration;
			baseConfigurationReference = AB9C96A028B4CAE9006643E2 /* Config.xcconfig */;
			buildSettings = {
				ALWAYS_SEARCH_USER_PATHS = NO;
				CLANG_ANALYZER_NONNULL = YES;
				CLANG_ANALYZER_NUMBER_OBJECT_CONVERSION = YES_AGGRESSIVE;
				CLANG_CXX_LANGUAGE_STANDARD = "gnu++17";
				CLANG_ENABLE_MODULES = YES;
				CLANG_ENABLE_OBJC_ARC = YES;
				CLANG_ENABLE_OBJC_WEAK = YES;
				CLANG_WARN_BLOCK_CAPTURE_AUTORELEASING = YES;
				CLANG_WARN_BOOL_CONVERSION = YES;
				CLANG_WARN_COMMA = YES;
				CLANG_WARN_CONSTANT_CONVERSION = YES;
				CLANG_WARN_DEPRECATED_OBJC_IMPLEMENTATIONS = YES;
				CLANG_WARN_DIRECT_OBJC_ISA_USAGE = YES_ERROR;
				CLANG_WARN_DOCUMENTATION_COMMENTS = YES;
				CLANG_WARN_EMPTY_BODY = YES;
				CLANG_WARN_ENUM_CONVERSION = YES;
				CLANG_WARN_INFINITE_RECURSION = YES;
				CLANG_WARN_INT_CONVERSION = YES;
				CLANG_WARN_NON_LITERAL_NULL_CONVERSION = YES;
				CLANG_WARN_OBJC_IMPLICIT_RETAIN_SELF = YES;
				CLANG_WARN_OBJC_LITERAL_CONVERSION = YES;
				CLANG_WARN_OBJC_ROOT_CLASS = YES_ERROR;
				CLANG_WARN_QUOTED_INCLUDE_IN_FRAMEWORK_HEADER = YES;
				CLANG_WARN_RANGE_LOOP_ANALYSIS = YES;
				CLANG_WARN_STRICT_PROTOTYPES = YES;
				CLANG_WARN_SUSPICIOUS_MOVE = YES;
				CLANG_WARN_UNGUARDED_AVAILABILITY = YES_AGGRESSIVE;
				CLANG_WARN_UNREACHABLE_CODE = YES;
				CLANG_WARN__DUPLICATE_METHOD_MATCH = YES;
				COPY_PHASE_STRIP = NO;
				DEBUG_INFORMATION_FORMAT = "dwarf-with-dsym";
				ENABLE_NS_ASSERTIONS = NO;
				ENABLE_STRICT_OBJC_MSGSEND = YES;
				GCC_C_LANGUAGE_STANDARD = gnu11;
				GCC_NO_COMMON_BLOCKS = YES;
				GCC_WARN_64_TO_32_BIT_CONVERSION = YES;
				GCC_WARN_ABOUT_RETURN_TYPE = YES_ERROR;
				GCC_WARN_UNDECLARED_SELECTOR = YES;
				GCC_WARN_UNINITIALIZED_AUTOS = YES_AGGRESSIVE;
				GCC_WARN_UNUSED_FUNCTION = YES;
				GCC_WARN_UNUSED_VARIABLE = YES;
				IPHONEOS_DEPLOYMENT_TARGET = 15.5;
				MTL_ENABLE_DEBUG_INFO = NO;
				MTL_FAST_MATH = YES;
				SDKROOT = iphoneos;
				SWIFT_COMPILATION_MODE = wholemodule;
				SWIFT_OPTIMIZATION_LEVEL = "-O";
				VALIDATE_PRODUCT = YES;
			};
			name = Release;
		};
		ABFC341128B4671C008E87D2 /* Debug */ = {
			isa = XCBuildConfiguration;
			baseConfigurationReference = AB9C96A028B4CAE9006643E2 /* Config.xcconfig */;
			buildSettings = {
				ASSETCATALOG_COMPILER_APPICON_NAME = AppIcon;
				ASSETCATALOG_COMPILER_GLOBAL_ACCENT_COLOR_NAME = AccentColor;
				CODE_SIGN_ENTITLEMENTS = StockTalk/StockTalk.entitlements;
				CODE_SIGN_STYLE = Automatic;
				CURRENT_PROJECT_VERSION = 1;
				DEVELOPMENT_TEAM = S22CZ64YL7;
				GENERATE_INFOPLIST_FILE = YES;
				INFOPLIST_FILE = StockTalk/Info.plist;
				INFOPLIST_KEY_UIApplicationSupportsIndirectInputEvents = YES;
				INFOPLIST_KEY_UILaunchStoryboardName = LaunchScreen;
				INFOPLIST_KEY_UISupportedInterfaceOrientations_iPad = "UIInterfaceOrientationPortrait UIInterfaceOrientationPortraitUpsideDown UIInterfaceOrientationLandscapeLeft UIInterfaceOrientationLandscapeRight";
				INFOPLIST_KEY_UISupportedInterfaceOrientations_iPhone = "UIInterfaceOrientationPortrait UIInterfaceOrientationLandscapeLeft UIInterfaceOrientationLandscapeRight";
				LD_RUNPATH_SEARCH_PATHS = (
					"$(inherited)",
					"@executable_path/Frameworks",
				);
				MARKETING_VERSION = 1.0;
				PRODUCT_BUNDLE_IDENTIFIER = com.quokka.makeReason.StockTalk;
				PRODUCT_NAME = "$(TARGET_NAME)";
				SWIFT_EMIT_LOC_STRINGS = YES;
				SWIFT_VERSION = 5.0;
				TARGETED_DEVICE_FAMILY = "1,2";
			};
			name = Debug;
		};
		ABFC341228B4671C008E87D2 /* Release */ = {
			isa = XCBuildConfiguration;
			baseConfigurationReference = AB9C96A028B4CAE9006643E2 /* Config.xcconfig */;
			buildSettings = {
				ASSETCATALOG_COMPILER_APPICON_NAME = AppIcon;
				ASSETCATALOG_COMPILER_GLOBAL_ACCENT_COLOR_NAME = AccentColor;
				CODE_SIGN_ENTITLEMENTS = StockTalk/StockTalk.entitlements;
				CODE_SIGN_STYLE = Automatic;
				CURRENT_PROJECT_VERSION = 1;
				DEVELOPMENT_TEAM = S22CZ64YL7;
				GENERATE_INFOPLIST_FILE = YES;
				INFOPLIST_FILE = StockTalk/Info.plist;
				INFOPLIST_KEY_UIApplicationSupportsIndirectInputEvents = YES;
				INFOPLIST_KEY_UILaunchStoryboardName = LaunchScreen;
				INFOPLIST_KEY_UISupportedInterfaceOrientations_iPad = "UIInterfaceOrientationPortrait UIInterfaceOrientationPortraitUpsideDown UIInterfaceOrientationLandscapeLeft UIInterfaceOrientationLandscapeRight";
				INFOPLIST_KEY_UISupportedInterfaceOrientations_iPhone = "UIInterfaceOrientationPortrait UIInterfaceOrientationLandscapeLeft UIInterfaceOrientationLandscapeRight";
				LD_RUNPATH_SEARCH_PATHS = (
					"$(inherited)",
					"@executable_path/Frameworks",
				);
				MARKETING_VERSION = 1.0;
				PRODUCT_BUNDLE_IDENTIFIER = com.quokka.makeReason.StockTalk;
				PRODUCT_NAME = "$(TARGET_NAME)";
				SWIFT_EMIT_LOC_STRINGS = YES;
				SWIFT_VERSION = 5.0;
				TARGETED_DEVICE_FAMILY = "1,2";
			};
			name = Release;
		};
/* End XCBuildConfiguration section */

/* Begin XCConfigurationList section */
		ABFC33F428B4671B008E87D2 /* Build configuration list for PBXProject "StockTalk" */ = {
			isa = XCConfigurationList;
			buildConfigurations = (
				ABFC340E28B4671C008E87D2 /* Debug */,
				ABFC340F28B4671C008E87D2 /* Release */,
			);
			defaultConfigurationIsVisible = 0;
			defaultConfigurationName = Release;
		};
		ABFC341028B4671C008E87D2 /* Build configuration list for PBXNativeTarget "StockTalk" */ = {
			isa = XCConfigurationList;
			buildConfigurations = (
				ABFC341128B4671C008E87D2 /* Debug */,
				ABFC341228B4671C008E87D2 /* Release */,
			);
			defaultConfigurationIsVisible = 0;
			defaultConfigurationName = Release;
		};
/* End XCConfigurationList section */

/* Begin XCRemoteSwiftPackageReference section */
		AB9C968828B4C391006643E2 /* XCRemoteSwiftPackageReference "kakao-ios-sdk" */ = {
			isa = XCRemoteSwiftPackageReference;
			repositoryURL = "https://github.com/kakao/kakao-ios-sdk";
			requirement = {
				branch = master;
				kind = branch;
			};
		};
		AB9C969D28B4C8C1006643E2 /* XCRemoteSwiftPackageReference "SnapKit" */ = {
			isa = XCRemoteSwiftPackageReference;
			repositoryURL = "https://github.com/SnapKit/SnapKit.git";
			requirement = {
				branch = develop;
				kind = branch;
			};
		};
/* End XCRemoteSwiftPackageReference section */

/* Begin XCSwiftPackageProductDependency section */
		AB9C968928B4C391006643E2 /* KakaoSDK */ = {
			isa = XCSwiftPackageProductDependency;
			package = AB9C968828B4C391006643E2 /* XCRemoteSwiftPackageReference "kakao-ios-sdk" */;
			productName = KakaoSDK;
		};
		AB9C968B28B4C391006643E2 /* KakaoSDKAuth */ = {
			isa = XCSwiftPackageProductDependency;
			package = AB9C968828B4C391006643E2 /* XCRemoteSwiftPackageReference "kakao-ios-sdk" */;
			productName = KakaoSDKAuth;
		};
		AB9C968D28B4C391006643E2 /* KakaoSDKCommon */ = {
			isa = XCSwiftPackageProductDependency;
			package = AB9C968828B4C391006643E2 /* XCRemoteSwiftPackageReference "kakao-ios-sdk" */;
			productName = KakaoSDKCommon;
		};
		AB9C968F28B4C391006643E2 /* KakaoSDKCommonCore */ = {
			isa = XCSwiftPackageProductDependency;
			package = AB9C968828B4C391006643E2 /* XCRemoteSwiftPackageReference "kakao-ios-sdk" */;
			productName = KakaoSDKCommonCore;
		};
		AB9C969128B4C391006643E2 /* KakaoSDKNavi */ = {
			isa = XCSwiftPackageProductDependency;
			package = AB9C968828B4C391006643E2 /* XCRemoteSwiftPackageReference "kakao-ios-sdk" */;
			productName = KakaoSDKNavi;
		};
		AB9C969328B4C391006643E2 /* KakaoSDKShare */ = {
			isa = XCSwiftPackageProductDependency;
			package = AB9C968828B4C391006643E2 /* XCRemoteSwiftPackageReference "kakao-ios-sdk" */;
			productName = KakaoSDKShare;
		};
		AB9C969528B4C391006643E2 /* KakaoSDKStory */ = {
			isa = XCSwiftPackageProductDependency;
			package = AB9C968828B4C391006643E2 /* XCRemoteSwiftPackageReference "kakao-ios-sdk" */;
			productName = KakaoSDKStory;
		};
		AB9C969728B4C391006643E2 /* KakaoSDKTalk */ = {
			isa = XCSwiftPackageProductDependency;
			package = AB9C968828B4C391006643E2 /* XCRemoteSwiftPackageReference "kakao-ios-sdk" */;
			productName = KakaoSDKTalk;
		};
		AB9C969928B4C391006643E2 /* KakaoSDKTemplate */ = {
			isa = XCSwiftPackageProductDependency;
			package = AB9C968828B4C391006643E2 /* XCRemoteSwiftPackageReference "kakao-ios-sdk" */;
			productName = KakaoSDKTemplate;
		};
		AB9C969B28B4C391006643E2 /* KakaoSDKUser */ = {
			isa = XCSwiftPackageProductDependency;
			package = AB9C968828B4C391006643E2 /* XCRemoteSwiftPackageReference "kakao-ios-sdk" */;
			productName = KakaoSDKUser;
		};
		AB9C969E28B4C8C1006643E2 /* SnapKit */ = {
			isa = XCSwiftPackageProductDependency;
			package = AB9C969D28B4C8C1006643E2 /* XCRemoteSwiftPackageReference "SnapKit" */;
			productName = SnapKit;
		};
/* End XCSwiftPackageProductDependency section */

/* Begin XCVersionGroup section */
		ABFC340528B4671B008E87D2 /* StockTalk.xcdatamodeld */ = {
			isa = XCVersionGroup;
			children = (
				ABFC340628B4671B008E87D2 /* StockTalk.xcdatamodel */,
			);
			currentVersion = ABFC340628B4671B008E87D2 /* StockTalk.xcdatamodel */;
			path = StockTalk.xcdatamodeld;
			sourceTree = "<group>";
			versionGroupType = wrapper.xcdatamodel;
		};
/* End XCVersionGroup section */
	};
	rootObject = ABFC33F128B4671B008E87D2 /* Project object */;
}
